
Microsoft Visual Studio Solution File, Format Version 12.00
# Visual Studio Version 16
VisualStudioVersion = 16.0.32126.315
MinimumVisualStudioVersion = 10.0.40219.1
Project("{FAE04EC0-301F-11D3-BF4B-00C04F79EFBC}") = "Barangay Profiling System", "Barangay Profiling System\Barangay Profiling System.csproj", "{D8EDC25C-A282-47F4-B77F-F3A672767BF1}"
EndProject
Global
	GlobalSection(SolutionConfigurationPlatforms) = preSolution
		Debug|Any CPU = Debug|Any CPU
		Release|Any CPU = Release|Any CPU
	EndGlobalSection
	GlobalSection(ProjectConfigurationPlatforms) = postSolution
		{D8EDC25C-A282-47F4-B77F-F3A672767BF1}.Debug|Any CPU.ActiveCfg = Debug|Any CPU
		{D8EDC25C-A282-47F4-B77F-F3A672767BF1}.Debug|Any CPU.Build.0 = Debug|Any CPU
		{D8EDC25C-A282-47F4-B77F-F3A672767BF1}.Release|Any CPU.ActiveCfg = Release|Any CPU
		{D8EDC25C-A282-47F4-B77F-F3A672767BF1}.Release|Any CPU.Build.0 = Release|Any CPU
	EndGlobalSection
	GlobalSection(SolutionProperties) = preSolution
		HideSolutionNode = FALSE
	EndGlobalSection
	GlobalSection(ExtensibilityGlobals) = postSolution
		SolutionGuid = {6F89F964-6AEE-46DD-A04E-ACFD9534852A}
	EndGlobalSection
EndGlobal
